
Microsoft Visual Studio Solution File, Format Version 12.00
# Visual Studio Version 17
VisualStudioVersion = 17.10.35027.167
MinimumVisualStudioVersion = 10.0.40219.1
Project("{FAE04EC0-301F-11D3-BF4B-00C04F79EFBC}") = "Screentime", "Screentime\Screentime.csproj", "{83DC4623-3869-436B-9B48-0101C416C5F6}"
EndProject
Global
	GlobalSection(SolutionConfigurationPlatforms) = preSolution
		Debug|Any CPU = Debug|Any CPU
		Release|Any CPU = Release|Any CPU
	EndGlobalSection
	GlobalSection(ProjectConfigurationPlatforms) = postSolution
		{83DC4623-3869-436B-9B48-0101C416C5F6}.Debug|Any CPU.ActiveCfg = Debug|Any CPU
		{83DC4623-3869-436B-9B48-0101C416C5F6}.Debug|Any CPU.Build.0 = Debug|Any CPU
		{83DC4623-3869-436B-9B48-0101C416C5F6}.Release|Any CPU.ActiveCfg = Release|Any CPU
		{83DC4623-3869-436B-9B48-0101C416C5F6}.Release|Any CPU.Build.0 = Release|Any CPU
	EndGlobalSection
	GlobalSection(SolutionProperties) = preSolution
		HideSolutionNode = FALSE
	EndGlobalSection
	GlobalSection(ExtensibilityGlobals) = postSolution
		SolutionGuid = {475D58B6-5FE5-4093-98F3-581C755DCCCC}
	EndGlobalSection
EndGlobal
